// !$*UTF8*$!
{
	archiveVersion = 1;
	classes = {
	};
	objectVersion = 42;
	objects = {

/* Begin PBXBuildFile section */
		5F3AD6171340079E00A78690 /* effectTwo.cpp in Sources */ = {isa = PBXBuildFile; fileRef = 5F3AD6151340079E00A78690 /* effectTwo.cpp */; };
		5F3AD628134009CF00A78690 /* effectThree.cpp in Sources */ = {isa = PBXBuildFile; fileRef = 5F3AD626134009CF00A78690 /* effectThree.cpp */; };
		5F41986113426ECB00C32D66 /* effectFive.cpp in Sources */ = {isa = PBXBuildFile; fileRef = 5F41985F13426ECB00C32D66 /* effectFive.cpp */; };
		5F41989D13427A1500C32D66 /* branch.cpp in Sources */ = {isa = PBXBuildFile; fileRef = 5F41989C13427A1500C32D66 /* branch.cpp */; };
		5FCD80831348916C00448A5F /* Color.cpp in Sources */ = {isa = PBXBuildFile; fileRef = 5FCD80641348916C00448A5F /* Color.cpp */; };
		5FCD80841348916C00448A5F /* MSACoreGL.cpp in Sources */ = {isa = PBXBuildFile; fileRef = 5FCD806B1348916C00448A5F /* MSACoreGL.cpp */; };
		5FCD80891348922300448A5F /* effectSix.cpp in Sources */ = {isa = PBXBuildFile; fileRef = 5FCD80871348922300448A5F /* effectSix.cpp */; };
		5FDD50A51340DD800097E66A /* ofxEasing.cpp in Sources */ = {isa = PBXBuildFile; fileRef = 5FDD508B1340DD800097E66A /* ofxEasing.cpp */; };
		5FDD50A61340DD800097E66A /* ofxEasingBack.cpp in Sources */ = {isa = PBXBuildFile; fileRef = 5FDD508D1340DD800097E66A /* ofxEasingBack.cpp */; };
		5FDD50A71340DD800097E66A /* ofxEasingBounce.cpp in Sources */ = {isa = PBXBuildFile; fileRef = 5FDD508F1340DD800097E66A /* ofxEasingBounce.cpp */; };
		5FDD50A81340DD800097E66A /* ofxEasingCirc.cpp in Sources */ = {isa = PBXBuildFile; fileRef = 5FDD50911340DD800097E66A /* ofxEasingCirc.cpp */; };
		5FDD50A91340DD800097E66A /* ofxEasingCubic.cpp in Sources */ = {isa = PBXBuildFile; fileRef = 5FDD50931340DD800097E66A /* ofxEasingCubic.cpp */; };
		5FDD50AA1340DD800097E66A /* ofxEasingElastic.cpp in Sources */ = {isa = PBXBuildFile; fileRef = 5FDD50951340DD800097E66A /* ofxEasingElastic.cpp */; };
		5FDD50AB1340DD800097E66A /* ofxEasingExpo.cpp in Sources */ = {isa = PBXBuildFile; fileRef = 5FDD50971340DD800097E66A /* ofxEasingExpo.cpp */; };
		5FDD50AC1340DD800097E66A /* ofxEasingLinear.cpp in Sources */ = {isa = PBXBuildFile; fileRef = 5FDD50991340DD800097E66A /* ofxEasingLinear.cpp */; };
		5FDD50AD1340DD800097E66A /* ofxEasingQuad.cpp in Sources */ = {isa = PBXBuildFile; fileRef = 5FDD509B1340DD800097E66A /* ofxEasingQuad.cpp */; };
		5FDD50AE1340DD800097E66A /* ofxEasingQuart.cpp in Sources */ = {isa = PBXBuildFile; fileRef = 5FDD509D1340DD800097E66A /* ofxEasingQuart.cpp */; };
		5FDD50AF1340DD800097E66A /* ofxEasingQuint.cpp in Sources */ = {isa = PBXBuildFile; fileRef = 5FDD509F1340DD800097E66A /* ofxEasingQuint.cpp */; };
		5FDD50B01340DD800097E66A /* ofxEasingSine.cpp in Sources */ = {isa = PBXBuildFile; fileRef = 5FDD50A11340DD800097E66A /* ofxEasingSine.cpp */; };
		5FDD50B11340DD800097E66A /* ofxTween.cpp in Sources */ = {isa = PBXBuildFile; fileRef = 5FDD50A31340DD800097E66A /* ofxTween.cpp */; };
		5FDD50B41340DDDB0097E66A /* effectFour.cpp in Sources */ = {isa = PBXBuildFile; fileRef = 5FDD50B21340DDDB0097E66A /* effectFour.cpp */; };
		5FE5A90D134DE8AA00F35C11 /* testApp.cpp in Sources */ = {isa = PBXBuildFile; fileRef = 5FE5A90B134DE8AA00F35C11 /* testApp.cpp */; };
		5FE5A910134DE8B600F35C11 /* mdQuad.cpp in Sources */ = {isa = PBXBuildFile; fileRef = 5FE5A90F134DE8B600F35C11 /* mdQuad.cpp */; };
		5FE5A91E134DE8D300F35C11 /* ofTextureAdv.cpp in Sources */ = {isa = PBXBuildFile; fileRef = 5FE5A91C134DE8D300F35C11 /* ofTextureAdv.cpp */; };
		5FE79E5113428AEB00D0A011 /* cercle.cpp in Sources */ = {isa = PBXBuildFile; fileRef = 5FE79E5013428AEB00D0A011 /* cercle.cpp */; };
		D2094F64133F9E04001F5CB0 /* mdLine.cpp in Sources */ = {isa = PBXBuildFile; fileRef = D2094F63133F9E04001F5CB0 /* mdLine.cpp */; };
		D2094F8E133F9E99001F5CB0 /* effectOne.cpp in Sources */ = {isa = PBXBuildFile; fileRef = D2094F8D133F9E99001F5CB0 /* effectOne.cpp */; };
		D2095086133FDC7F001F5CB0 /* perlin.cpp in Sources */ = {isa = PBXBuildFile; fileRef = D2095084133FDC7F001F5CB0 /* perlin.cpp */; };
		E45BE97B0E8CC7DD009D7055 /* AGL.framework in Frameworks */ = {isa = PBXBuildFile; fileRef = E45BE9710E8CC7DD009D7055 /* AGL.framework */; };
		E45BE97C0E8CC7DD009D7055 /* ApplicationServices.framework in Frameworks */ = {isa = PBXBuildFile; fileRef = E45BE9720E8CC7DD009D7055 /* ApplicationServices.framework */; };
		E45BE97D0E8CC7DD009D7055 /* AudioToolbox.framework in Frameworks */ = {isa = PBXBuildFile; fileRef = E45BE9730E8CC7DD009D7055 /* AudioToolbox.framework */; };
		E45BE97E0E8CC7DD009D7055 /* Carbon.framework in Frameworks */ = {isa = PBXBuildFile; fileRef = E45BE9740E8CC7DD009D7055 /* Carbon.framework */; };
		E45BE97F0E8CC7DD009D7055 /* CoreAudio.framework in Frameworks */ = {isa = PBXBuildFile; fileRef = E45BE9750E8CC7DD009D7055 /* CoreAudio.framework */; };
		E45BE9800E8CC7DD009D7055 /* CoreFoundation.framework in Frameworks */ = {isa = PBXBuildFile; fileRef = E45BE9760E8CC7DD009D7055 /* CoreFoundation.framework */; };
		E45BE9810E8CC7DD009D7055 /* CoreServices.framework in Frameworks */ = {isa = PBXBuildFile; fileRef = E45BE9770E8CC7DD009D7055 /* CoreServices.framework */; };
		E45BE9830E8CC7DD009D7055 /* OpenGL.framework in Frameworks */ = {isa = PBXBuildFile; fileRef = E45BE9790E8CC7DD009D7055 /* OpenGL.framework */; };
		E45BE9840E8CC7DD009D7055 /* QuickTime.framework in Frameworks */ = {isa = PBXBuildFile; fileRef = E45BE97A0E8CC7DD009D7055 /* QuickTime.framework */; };
		E4B69E200A3A1BDC003C02F2 /* main.cpp in Sources */ = {isa = PBXBuildFile; fileRef = E4B69E1D0A3A1BDC003C02F2 /* main.cpp */; };
		E4C2422B10CC554B004149E2 /* openFrameworksDebug.a in Frameworks */ = {isa = PBXBuildFile; fileRef = E4C2421E10CC549C004149E2 /* openFrameworksDebug.a */; };
		E4C2424710CC5A17004149E2 /* AppKit.framework in Frameworks */ = {isa = PBXBuildFile; fileRef = E4C2424410CC5A17004149E2 /* AppKit.framework */; };
		E4C2424810CC5A17004149E2 /* Cocoa.framework in Frameworks */ = {isa = PBXBuildFile; fileRef = E4C2424510CC5A17004149E2 /* Cocoa.framework */; };
		E4C2424910CC5A17004149E2 /* IOKit.framework in Frameworks */ = {isa = PBXBuildFile; fileRef = E4C2424610CC5A17004149E2 /* IOKit.framework */; };
		E4C2426610CC5A78004149E2 /* GLUT.framework in Frameworks */ = {isa = PBXBuildFile; fileRef = E4C2425F10CC5A78004149E2 /* GLUT.framework */; };
		E4C2426B10CC5AA6004149E2 /* GLUT.framework in CopyFiles */ = {isa = PBXBuildFile; fileRef = E4C2425F10CC5A78004149E2 /* GLUT.framework */; };
/* End PBXBuildFile section */

/* Begin PBXContainerItemProxy section */
		E4C2421D10CC549C004149E2 /* PBXContainerItemProxy */ = {
			isa = PBXContainerItemProxy;
			containerPortal = E4C2421610CC549C004149E2 /* openFrameworksLib.xcodeproj */;
			proxyType = 2;
			remoteGlobalIDString = E4B27C1510CBEB8E00536013;
			remoteInfo = openFrameworks;
		};
		E4C2422710CC54DA004149E2 /* PBXContainerItemProxy */ = {
			isa = PBXContainerItemProxy;
			containerPortal = E4C2421610CC549C004149E2 /* openFrameworksLib.xcodeproj */;
			proxyType = 1;
			remoteGlobalIDString = E4B27C1410CBEB8E00536013;
			remoteInfo = openFrameworks;
		};
/* End PBXContainerItemProxy section */

/* Begin PBXCopyFilesBuildPhase section */
		E4C2427710CC5ABF004149E2 /* CopyFiles */ = {
			isa = PBXCopyFilesBuildPhase;
			buildActionMask = 2147483647;
			dstPath = "";
			dstSubfolderSpec = 10;
			files = (
				E4C2426B10CC5AA6004149E2 /* GLUT.framework in CopyFiles */,
			);
			runOnlyForDeploymentPostprocessing = 0;
		};
/* End PBXCopyFilesBuildPhase section */

/* Begin PBXFileReference section */
		5F3AD6151340079E00A78690 /* effectTwo.cpp */ = {isa = PBXFileReference; fileEncoding = 4; lastKnownFileType = sourcecode.cpp.cpp; path = effectTwo.cpp; sourceTree = "<group>"; };
		5F3AD619134007B300A78690 /* effectTwo.h */ = {isa = PBXFileReference; fileEncoding = 4; lastKnownFileType = sourcecode.c.h; path = effectTwo.h; sourceTree = "<group>"; };
		5F3AD626134009CF00A78690 /* effectThree.cpp */ = {isa = PBXFileReference; fileEncoding = 4; lastKnownFileType = sourcecode.cpp.cpp; path = effectThree.cpp; sourceTree = "<group>"; };
		5F3AD627134009CF00A78690 /* effectThree.h */ = {isa = PBXFileReference; fileEncoding = 4; lastKnownFileType = sourcecode.c.h; path = effectThree.h; sourceTree = "<group>"; };
		5F41985F13426ECB00C32D66 /* effectFive.cpp */ = {isa = PBXFileReference; fileEncoding = 4; lastKnownFileType = sourcecode.cpp.cpp; path = effectFive.cpp; sourceTree = "<group>"; };
		5F41986013426ECB00C32D66 /* effectFive.h */ = {isa = PBXFileReference; fileEncoding = 4; lastKnownFileType = sourcecode.c.h; path = effectFive.h; sourceTree = "<group>"; };
		5F41989B13427A1500C32D66 /* branch.h */ = {isa = PBXFileReference; fileEncoding = 4; lastKnownFileType = sourcecode.c.h; path = branch.h; sourceTree = "<group>"; };
		5F41989C13427A1500C32D66 /* branch.cpp */ = {isa = PBXFileReference; fileEncoding = 4; lastKnownFileType = sourcecode.cpp.cpp; path = branch.cpp; sourceTree = "<group>"; };
		5FCD805F1348916C00448A5F /* install.xml */ = {isa = PBXFileReference; fileEncoding = 4; lastKnownFileType = text.xml; path = install.xml; sourceTree = "<group>"; };
		5FCD80621348916C00448A5F /* ChanTraits.h */ = {isa = PBXFileReference; fileEncoding = 4; lastKnownFileType = sourcecode.c.h; path = ChanTraits.h; sourceTree = "<group>"; };
		5FCD80631348916C00448A5F /* CinderMath.h */ = {isa = PBXFileReference; fileEncoding = 4; lastKnownFileType = sourcecode.c.h; path = CinderMath.h; sourceTree = "<group>"; };
		5FCD80641348916C00448A5F /* Color.cpp */ = {isa = PBXFileReference; fileEncoding = 4; lastKnownFileType = sourcecode.cpp.cpp; path = Color.cpp; sourceTree = "<group>"; };
		5FCD80651348916C00448A5F /* Color.h */ = {isa = PBXFileReference; fileEncoding = 4; lastKnownFileType = sourcecode.c.h; path = Color.h; sourceTree = "<group>"; };
		5FCD80661348916C00448A5F /* Vector.h */ = {isa = PBXFileReference; fileEncoding = 4; lastKnownFileType = sourcecode.c.h; path = Vector.h; sourceTree = "<group>"; };
		5FCD80671348916C00448A5F /* MSACore-Cinder.h */ = {isa = PBXFileReference; fileEncoding = 4; lastKnownFileType = sourcecode.c.h; path = "MSACore-Cinder.h"; sourceTree = "<group>"; };
		5FCD80681348916C00448A5F /* MSACore-OF.h */ = {isa = PBXFileReference; fileEncoding = 4; lastKnownFileType = sourcecode.c.h; path = "MSACore-OF.h"; sourceTree = "<group>"; };
		5FCD80691348916C00448A5F /* MSACore.h */ = {isa = PBXFileReference; fileEncoding = 4; lastKnownFileType = sourcecode.c.h; path = MSACore.h; sourceTree = "<group>"; };
		5FCD806A1348916C00448A5F /* MSACoreCommon.h */ = {isa = PBXFileReference; fileEncoding = 4; lastKnownFileType = sourcecode.c.h; path = MSACoreCommon.h; sourceTree = "<group>"; };
		5FCD806B1348916C00448A5F /* MSACoreGL.cpp */ = {isa = PBXFileReference; fileEncoding = 4; lastKnownFileType = sourcecode.cpp.cpp; path = MSACoreGL.cpp; sourceTree = "<group>"; };
		5FCD806C1348916C00448A5F /* MSACoreGL.h */ = {isa = PBXFileReference; fileEncoding = 4; lastKnownFileType = sourcecode.c.h; path = MSACoreGL.h; sourceTree = "<group>"; };
		5FCD806D1348916C00448A5F /* MSACoreMath.h */ = {isa = PBXFileReference; fileEncoding = 4; lastKnownFileType = sourcecode.c.h; path = MSACoreMath.h; sourceTree = "<group>"; };
		5FCD806F1348916C00448A5F /* changelog.txt */ = {isa = PBXFileReference; fileEncoding = 4; lastKnownFileType = text; path = changelog.txt; sourceTree = "<group>"; };
		5FCD80771348916C00448A5F /* install.xml */ = {isa = PBXFileReference; fileEncoding = 4; lastKnownFileType = text.xml; path = install.xml; sourceTree = "<group>"; };
		5FCD80781348916C00448A5F /* LICENSE.txt */ = {isa = PBXFileReference; fileEncoding = 4; lastKnownFileType = text; path = LICENSE.txt; sourceTree = "<group>"; };
		5FCD807A1348916C00448A5F /* MSAInterpolationTypes.h */ = {isa = PBXFileReference; fileEncoding = 4; lastKnownFileType = sourcecode.c.h; path = MSAInterpolationTypes.h; sourceTree = "<group>"; };
		5FCD807B1348916C00448A5F /* MSAInterpolator.h */ = {isa = PBXFileReference; fileEncoding = 4; lastKnownFileType = sourcecode.c.h; path = MSAInterpolator.h; sourceTree = "<group>"; };
		5FCD807C1348916C00448A5F /* MSAInterpolator1D.h */ = {isa = PBXFileReference; fileEncoding = 4; lastKnownFileType = sourcecode.c.h; path = MSAInterpolator1D.h; sourceTree = "<group>"; };
		5FCD807D1348916C00448A5F /* MSAInterpolator2D.h */ = {isa = PBXFileReference; fileEncoding = 4; lastKnownFileType = sourcecode.c.h; path = MSAInterpolator2D.h; sourceTree = "<group>"; };
		5FCD807E1348916C00448A5F /* MSAInterpolator3D.h */ = {isa = PBXFileReference; fileEncoding = 4; lastKnownFileType = sourcecode.c.h; path = MSAInterpolator3D.h; sourceTree = "<group>"; };
		5FCD807F1348916C00448A5F /* MSAInterpolatorT.h */ = {isa = PBXFileReference; fileEncoding = 4; lastKnownFileType = sourcecode.c.h; path = MSAInterpolatorT.h; sourceTree = "<group>"; };
		5FCD80821348916C00448A5F /* MSAPingPong.h */ = {isa = PBXFileReference; fileEncoding = 4; lastKnownFileType = sourcecode.c.h; path = MSAPingPong.h; sourceTree = "<group>"; };
		5FCD80871348922300448A5F /* effectSix.cpp */ = {isa = PBXFileReference; fileEncoding = 4; lastKnownFileType = sourcecode.cpp.cpp; path = effectSix.cpp; sourceTree = "<group>"; };
		5FCD80881348922300448A5F /* effectSix.h */ = {isa = PBXFileReference; fileEncoding = 4; lastKnownFileType = sourcecode.c.h; path = effectSix.h; sourceTree = "<group>"; };
		5FDD50871340DD800097E66A /* LICENSE */ = {isa = PBXFileReference; fileEncoding = 4; lastKnownFileType = text; path = LICENSE; sourceTree = "<group>"; };
		5FDD508A1340DD800097E66A /* easing_terms_of_use.html */ = {isa = PBXFileReference; fileEncoding = 4; lastKnownFileType = text.html; path = easing_terms_of_use.html; sourceTree = "<group>"; };
		5FDD508B1340DD800097E66A /* ofxEasing.cpp */ = {isa = PBXFileReference; fileEncoding = 4; lastKnownFileType = sourcecode.cpp.cpp; path = ofxEasing.cpp; sourceTree = "<group>"; };
		5FDD508C1340DD800097E66A /* ofxEasing.h */ = {isa = PBXFileReference; fileEncoding = 4; lastKnownFileType = sourcecode.c.h; path = ofxEasing.h; sourceTree = "<group>"; };
		5FDD508D1340DD800097E66A /* ofxEasingBack.cpp */ = {isa = PBXFileReference; fileEncoding = 4; lastKnownFileType = sourcecode.cpp.cpp; path = ofxEasingBack.cpp; sourceTree = "<group>"; };
		5FDD508E1340DD800097E66A /* ofxEasingBack.h */ = {isa = PBXFileReference; fileEncoding = 4; lastKnownFileType = sourcecode.c.h; path = ofxEasingBack.h; sourceTree = "<group>"; };
		5FDD508F1340DD800097E66A /* ofxEasingBounce.cpp */ = {isa = PBXFileReference; fileEncoding = 4; lastKnownFileType = sourcecode.cpp.cpp; path = ofxEasingBounce.cpp; sourceTree = "<group>"; };
		5FDD50901340DD800097E66A /* ofxEasingBounce.h */ = {isa = PBXFileReference; fileEncoding = 4; lastKnownFileType = sourcecode.c.h; path = ofxEasingBounce.h; sourceTree = "<group>"; };
		5FDD50911340DD800097E66A /* ofxEasingCirc.cpp */ = {isa = PBXFileReference; fileEncoding = 4; lastKnownFileType = sourcecode.cpp.cpp; path = ofxEasingCirc.cpp; sourceTree = "<group>"; };
		5FDD50921340DD800097E66A /* ofxEasingCirc.h */ = {isa = PBXFileReference; fileEncoding = 4; lastKnownFileType = sourcecode.c.h; path = ofxEasingCirc.h; sourceTree = "<group>"; };
		5FDD50931340DD800097E66A /* ofxEasingCubic.cpp */ = {isa = PBXFileReference; fileEncoding = 4; lastKnownFileType = sourcecode.cpp.cpp; path = ofxEasingCubic.cpp; sourceTree = "<group>"; };
		5FDD50941340DD800097E66A /* ofxEasingCubic.h */ = {isa = PBXFileReference; fileEncoding = 4; lastKnownFileType = sourcecode.c.h; path = ofxEasingCubic.h; sourceTree = "<group>"; };
		5FDD50951340DD800097E66A /* ofxEasingElastic.cpp */ = {isa = PBXFileReference; fileEncoding = 4; lastKnownFileType = sourcecode.cpp.cpp; path = ofxEasingElastic.cpp; sourceTree = "<group>"; };
		5FDD50961340DD800097E66A /* ofxEasingElastic.h */ = {isa = PBXFileReference; fileEncoding = 4; lastKnownFileType = sourcecode.c.h; path = ofxEasingElastic.h; sourceTree = "<group>"; };
		5FDD50971340DD800097E66A /* ofxEasingExpo.cpp */ = {isa = PBXFileReference; fileEncoding = 4; lastKnownFileType = sourcecode.cpp.cpp; path = ofxEasingExpo.cpp; sourceTree = "<group>"; };
		5FDD50981340DD800097E66A /* ofxEasingExpo.h */ = {isa = PBXFileReference; fileEncoding = 4; lastKnownFileType = sourcecode.c.h; path = ofxEasingExpo.h; sourceTree = "<group>"; };
		5FDD50991340DD800097E66A /* ofxEasingLinear.cpp */ = {isa = PBXFileReference; fileEncoding = 4; lastKnownFileType = sourcecode.cpp.cpp; path = ofxEasingLinear.cpp; sourceTree = "<group>"; };
		5FDD509A1340DD800097E66A /* ofxEasingLinear.h */ = {isa = PBXFileReference; fileEncoding = 4; lastKnownFileType = sourcecode.c.h; path = ofxEasingLinear.h; sourceTree = "<group>"; };
		5FDD509B1340DD800097E66A /* ofxEasingQuad.cpp */ = {isa = PBXFileReference; fileEncoding = 4; lastKnownFileType = sourcecode.cpp.cpp; path = ofxEasingQuad.cpp; sourceTree = "<group>"; };
		5FDD509C1340DD800097E66A /* ofxEasingQuad.h */ = {isa = PBXFileReference; fileEncoding = 4; lastKnownFileType = sourcecode.c.h; path = ofxEasingQuad.h; sourceTree = "<group>"; };
		5FDD509D1340DD800097E66A /* ofxEasingQuart.cpp */ = {isa = PBXFileReference; fileEncoding = 4; lastKnownFileType = sourcecode.cpp.cpp; path = ofxEasingQuart.cpp; sourceTree = "<group>"; };
		5FDD509E1340DD800097E66A /* ofxEasingQuart.h */ = {isa = PBXFileReference; fileEncoding = 4; lastKnownFileType = sourcecode.c.h; path = ofxEasingQuart.h; sourceTree = "<group>"; };
		5FDD509F1340DD800097E66A /* ofxEasingQuint.cpp */ = {isa = PBXFileReference; fileEncoding = 4; lastKnownFileType = sourcecode.cpp.cpp; path = ofxEasingQuint.cpp; sourceTree = "<group>"; };
		5FDD50A01340DD800097E66A /* ofxEasingQuint.h */ = {isa = PBXFileReference; fileEncoding = 4; lastKnownFileType = sourcecode.c.h; path = ofxEasingQuint.h; sourceTree = "<group>"; };
		5FDD50A11340DD800097E66A /* ofxEasingSine.cpp */ = {isa = PBXFileReference; fileEncoding = 4; lastKnownFileType = sourcecode.cpp.cpp; path = ofxEasingSine.cpp; sourceTree = "<group>"; };
		5FDD50A21340DD800097E66A /* ofxEasingSine.h */ = {isa = PBXFileReference; fileEncoding = 4; lastKnownFileType = sourcecode.c.h; path = ofxEasingSine.h; sourceTree = "<group>"; };
		5FDD50A31340DD800097E66A /* ofxTween.cpp */ = {isa = PBXFileReference; fileEncoding = 4; lastKnownFileType = sourcecode.cpp.cpp; path = ofxTween.cpp; sourceTree = "<group>"; };
		5FDD50A41340DD800097E66A /* ofxTween.h */ = {isa = PBXFileReference; fileEncoding = 4; lastKnownFileType = sourcecode.c.h; path = ofxTween.h; sourceTree = "<group>"; };
		5FDD50B21340DDDB0097E66A /* effectFour.cpp */ = {isa = PBXFileReference; fileEncoding = 4; lastKnownFileType = sourcecode.cpp.cpp; path = effectFour.cpp; sourceTree = "<group>"; };
		5FDD50B31340DDDB0097E66A /* effectFour.h */ = {isa = PBXFileReference; fileEncoding = 4; lastKnownFileType = sourcecode.c.h; path = effectFour.h; sourceTree = "<group>"; };
		5FE5A90B134DE8AA00F35C11 /* testApp.cpp */ = {isa = PBXFileReference; fileEncoding = 4; lastKnownFileType = sourcecode.cpp.cpp; path = testApp.cpp; sourceTree = "<group>"; };
		5FE5A90C134DE8AA00F35C11 /* testApp.h */ = {isa = PBXFileReference; fileEncoding = 4; lastKnownFileType = sourcecode.c.h; path = testApp.h; sourceTree = "<group>"; };
		5FE5A90E134DE8B600F35C11 /* mdLine.h */ = {isa = PBXFileReference; fileEncoding = 4; lastKnownFileType = sourcecode.c.h; path = mdLine.h; sourceTree = "<group>"; };
		5FE5A90F134DE8B600F35C11 /* mdQuad.cpp */ = {isa = PBXFileReference; fileEncoding = 4; lastKnownFileType = sourcecode.cpp.cpp; path = mdQuad.cpp; sourceTree = "<group>"; };
		5FE5A91C134DE8D300F35C11 /* ofTextureAdv.cpp */ = {isa = PBXFileReference; fileEncoding = 4; lastKnownFileType = sourcecode.cpp.cpp; path = ofTextureAdv.cpp; sourceTree = "<group>"; };
		5FE5A91D134DE8D300F35C11 /* ofTextureAdv.h */ = {isa = PBXFileReference; fileEncoding = 4; lastKnownFileType = sourcecode.c.h; path = ofTextureAdv.h; sourceTree = "<group>"; };
		5FE79E4F13428AEB00D0A011 /* cercle.h */ = {isa = PBXFileReference; fileEncoding = 4; lastKnownFileType = sourcecode.c.h; path = cercle.h; sourceTree = "<group>"; };
		5FE79E5013428AEB00D0A011 /* cercle.cpp */ = {isa = PBXFileReference; fileEncoding = 4; lastKnownFileType = sourcecode.cpp.cpp; path = cercle.cpp; sourceTree = "<group>"; };
		5FE79F5E13431C6800D0A011 /* ofxMatrix3x3.h */ = {isa = PBXFileReference; fileEncoding = 4; lastKnownFileType = sourcecode.c.h; path = ofxMatrix3x3.h; sourceTree = "<group>"; };
		5FE79F5F13431C6800D0A011 /* ofxMatrix4x4.h */ = {isa = PBXFileReference; fileEncoding = 4; lastKnownFileType = sourcecode.c.h; path = ofxMatrix4x4.h; sourceTree = "<group>"; };
		5FE79F6013431C6800D0A011 /* ofxPoint2f.h */ = {isa = PBXFileReference; fileEncoding = 4; lastKnownFileType = sourcecode.c.h; path = ofxPoint2f.h; sourceTree = "<group>"; };
		5FE79F6113431C6800D0A011 /* ofxPoint3f.h */ = {isa = PBXFileReference; fileEncoding = 4; lastKnownFileType = sourcecode.c.h; path = ofxPoint3f.h; sourceTree = "<group>"; };
		5FE79F6213431C6800D0A011 /* ofxPoint4f.h */ = {isa = PBXFileReference; fileEncoding = 4; lastKnownFileType = sourcecode.c.h; path = ofxPoint4f.h; sourceTree = "<group>"; };
		5FE79F6313431C6800D0A011 /* ofxQuaternion.h */ = {isa = PBXFileReference; fileEncoding = 4; lastKnownFileType = sourcecode.c.h; path = ofxQuaternion.h; sourceTree = "<group>"; };
		5FE79F6413431C6800D0A011 /* ofxVec2f.h */ = {isa = PBXFileReference; fileEncoding = 4; lastKnownFileType = sourcecode.c.h; path = ofxVec2f.h; sourceTree = "<group>"; };
		5FE79F6513431C6800D0A011 /* ofxVec3f.h */ = {isa = PBXFileReference; fileEncoding = 4; lastKnownFileType = sourcecode.c.h; path = ofxVec3f.h; sourceTree = "<group>"; };
		5FE79F6613431C6800D0A011 /* ofxVec4f.h */ = {isa = PBXFileReference; fileEncoding = 4; lastKnownFileType = sourcecode.c.h; path = ofxVec4f.h; sourceTree = "<group>"; };
		5FE79F6713431C6800D0A011 /* ofxVectorMath.h */ = {isa = PBXFileReference; fileEncoding = 4; lastKnownFileType = sourcecode.c.h; path = ofxVectorMath.h; sourceTree = "<group>"; };
		5FEBD2B7135DA91300899022 /* mdQuad.h */ = {isa = PBXFileReference; fileEncoding = 4; lastKnownFileType = sourcecode.c.h; path = mdQuad.h; sourceTree = "<group>"; };
		D2094F62133F9E04001F5CB0 /* mdLine.h */ = {isa = PBXFileReference; fileEncoding = 4; lastKnownFileType = sourcecode.c.h; path = mdLine.h; sourceTree = "<group>"; };
		D2094F63133F9E04001F5CB0 /* mdLine.cpp */ = {isa = PBXFileReference; fileEncoding = 4; lastKnownFileType = sourcecode.cpp.cpp; path = mdLine.cpp; sourceTree = "<group>"; };
		D2094F8C133F9E99001F5CB0 /* effectOne.h */ = {isa = PBXFileReference; fileEncoding = 4; lastKnownFileType = sourcecode.c.h; path = effectOne.h; sourceTree = "<group>"; };
		D2094F8D133F9E99001F5CB0 /* effectOne.cpp */ = {isa = PBXFileReference; fileEncoding = 4; lastKnownFileType = sourcecode.cpp.cpp; path = effectOne.cpp; sourceTree = "<group>"; };
		D2095084133FDC7F001F5CB0 /* perlin.cpp */ = {isa = PBXFileReference; fileEncoding = 4; lastKnownFileType = sourcecode.cpp.cpp; path = perlin.cpp; sourceTree = "<group>"; };
		D2095085133FDC7F001F5CB0 /* perlin.h */ = {isa = PBXFileReference; fileEncoding = 4; lastKnownFileType = sourcecode.c.h; path = perlin.h; sourceTree = "<group>"; };
		E45BE9710E8CC7DD009D7055 /* AGL.framework */ = {isa = PBXFileReference; lastKnownFileType = wrapper.framework; name = AGL.framework; path = /System/Library/Frameworks/AGL.framework; sourceTree = "<absolute>"; };
		E45BE9720E8CC7DD009D7055 /* ApplicationServices.framework */ = {isa = PBXFileReference; lastKnownFileType = wrapper.framework; name = ApplicationServices.framework; path = /System/Library/Frameworks/ApplicationServices.framework; sourceTree = "<absolute>"; };
		E45BE9730E8CC7DD009D7055 /* AudioToolbox.framework */ = {isa = PBXFileReference; lastKnownFileType = wrapper.framework; name = AudioToolbox.framework; path = /System/Library/Frameworks/AudioToolbox.framework; sourceTree = "<absolute>"; };
		E45BE9740E8CC7DD009D7055 /* Carbon.framework */ = {isa = PBXFileReference; lastKnownFileType = wrapper.framework; name = Carbon.framework; path = /System/Library/Frameworks/Carbon.framework; sourceTree = "<absolute>"; };
		E45BE9750E8CC7DD009D7055 /* CoreAudio.framework */ = {isa = PBXFileReference; lastKnownFileType = wrapper.framework; name = CoreAudio.framework; path = /System/Library/Frameworks/CoreAudio.framework; sourceTree = "<absolute>"; };
		E45BE9760E8CC7DD009D7055 /* CoreFoundation.framework */ = {isa = PBXFileReference; lastKnownFileType = wrapper.framework; name = CoreFoundation.framework; path = /System/Library/Frameworks/CoreFoundation.framework; sourceTree = "<absolute>"; };
		E45BE9770E8CC7DD009D7055 /* CoreServices.framework */ = {isa = PBXFileReference; lastKnownFileType = wrapper.framework; name = CoreServices.framework; path = /System/Library/Frameworks/CoreServices.framework; sourceTree = "<absolute>"; };
		E45BE9790E8CC7DD009D7055 /* OpenGL.framework */ = {isa = PBXFileReference; lastKnownFileType = wrapper.framework; name = OpenGL.framework; path = /System/Library/Frameworks/OpenGL.framework; sourceTree = "<absolute>"; };
		E45BE97A0E8CC7DD009D7055 /* QuickTime.framework */ = {isa = PBXFileReference; lastKnownFileType = wrapper.framework; name = QuickTime.framework; path = /System/Library/Frameworks/QuickTime.framework; sourceTree = "<absolute>"; };
		E4B69B5B0A3A1756003C02F2 /* emptyExampleDebug.app */ = {isa = PBXFileReference; explicitFileType = wrapper.application; includeInIndex = 0; path = emptyExampleDebug.app; sourceTree = BUILT_PRODUCTS_DIR; };
		E4B69E1D0A3A1BDC003C02F2 /* main.cpp */ = {isa = PBXFileReference; fileEncoding = 30; lastKnownFileType = sourcecode.cpp.cpp; name = main.cpp; path = src/main.cpp; sourceTree = SOURCE_ROOT; };
		E4B6FCAD0C3E899E008CF71C /* openFrameworks-Info.plist */ = {isa = PBXFileReference; fileEncoding = 30; lastKnownFileType = text.plist.xml; path = "openFrameworks-Info.plist"; sourceTree = "<group>"; };
		E4C2421610CC549C004149E2 /* openFrameworksLib.xcodeproj */ = {isa = PBXFileReference; lastKnownFileType = "wrapper.pb-project"; name = openFrameworksLib.xcodeproj; path = ../../../libs/openFrameworksCompiled/project/osx/openFrameworksLib.xcodeproj; sourceTree = SOURCE_ROOT; };
		E4C2424410CC5A17004149E2 /* AppKit.framework */ = {isa = PBXFileReference; lastKnownFileType = wrapper.framework; name = AppKit.framework; path = /System/Library/Frameworks/AppKit.framework; sourceTree = "<absolute>"; };
		E4C2424510CC5A17004149E2 /* Cocoa.framework */ = {isa = PBXFileReference; lastKnownFileType = wrapper.framework; name = Cocoa.framework; path = /System/Library/Frameworks/Cocoa.framework; sourceTree = "<absolute>"; };
		E4C2424610CC5A17004149E2 /* IOKit.framework */ = {isa = PBXFileReference; lastKnownFileType = wrapper.framework; name = IOKit.framework; path = /System/Library/Frameworks/IOKit.framework; sourceTree = "<absolute>"; };
		E4C2425F10CC5A78004149E2 /* GLUT.framework */ = {isa = PBXFileReference; lastKnownFileType = wrapper.framework; name = GLUT.framework; path = ../../../libs/glut/lib/osx/GLUT.framework; sourceTree = SOURCE_ROOT; };
/* End PBXFileReference section */

/* Begin PBXFrameworksBuildPhase section */
		E4B69B590A3A1756003C02F2 /* Frameworks */ = {
			isa = PBXFrameworksBuildPhase;
			buildActionMask = 2147483647;
			files = (
				E4C2422B10CC554B004149E2 /* openFrameworksDebug.a in Frameworks */,
				E45BE97B0E8CC7DD009D7055 /* AGL.framework in Frameworks */,
				E45BE97C0E8CC7DD009D7055 /* ApplicationServices.framework in Frameworks */,
				E45BE97D0E8CC7DD009D7055 /* AudioToolbox.framework in Frameworks */,
				E45BE97E0E8CC7DD009D7055 /* Carbon.framework in Frameworks */,
				E45BE97F0E8CC7DD009D7055 /* CoreAudio.framework in Frameworks */,
				E45BE9800E8CC7DD009D7055 /* CoreFoundation.framework in Frameworks */,
				E45BE9810E8CC7DD009D7055 /* CoreServices.framework in Frameworks */,
				E45BE9830E8CC7DD009D7055 /* OpenGL.framework in Frameworks */,
				E45BE9840E8CC7DD009D7055 /* QuickTime.framework in Frameworks */,
				E4C2424710CC5A17004149E2 /* AppKit.framework in Frameworks */,
				E4C2424810CC5A17004149E2 /* Cocoa.framework in Frameworks */,
				E4C2424910CC5A17004149E2 /* IOKit.framework in Frameworks */,
				E4C2426610CC5A78004149E2 /* GLUT.framework in Frameworks */,
			);
			runOnlyForDeploymentPostprocessing = 0;
		};
/* End PBXFrameworksBuildPhase section */

/* Begin PBXGroup section */
		5FCD805E1348916C00448A5F /* MSACore */ = {
			isa = PBXGroup;
			children = (
				5FCD805F1348916C00448A5F /* install.xml */,
				5FCD80601348916C00448A5F /* src */,
			);
			name = MSACore;
			path = ../../../addons/MSACore;
			sourceTree = SOURCE_ROOT;
		};
		5FCD80601348916C00448A5F /* src */ = {
			isa = PBXGroup;
			children = (
				5FCD80611348916C00448A5F /* cinder-lite */,
				5FCD80671348916C00448A5F /* MSACore-Cinder.h */,
				5FCD80681348916C00448A5F /* MSACore-OF.h */,
				5FCD80691348916C00448A5F /* MSACore.h */,
				5FCD806A1348916C00448A5F /* MSACoreCommon.h */,
				5FCD806B1348916C00448A5F /* MSACoreGL.cpp */,
				5FCD806C1348916C00448A5F /* MSACoreGL.h */,
				5FCD806D1348916C00448A5F /* MSACoreMath.h */,
			);
			path = src;
			sourceTree = "<group>";
		};
		5FCD80611348916C00448A5F /* cinder-lite */ = {
			isa = PBXGroup;
			children = (
				5FCD80621348916C00448A5F /* ChanTraits.h */,
				5FCD80631348916C00448A5F /* CinderMath.h */,
				5FCD80641348916C00448A5F /* Color.cpp */,
				5FCD80651348916C00448A5F /* Color.h */,
				5FCD80661348916C00448A5F /* Vector.h */,
			);
			path = "cinder-lite";
			sourceTree = "<group>";
		};
		5FCD806E1348916C00448A5F /* MSAInterpolator */ = {
			isa = PBXGroup;
			children = (
				5FCD806F1348916C00448A5F /* changelog.txt */,
				5FCD80771348916C00448A5F /* install.xml */,
				5FCD80781348916C00448A5F /* LICENSE.txt */,
				5FCD80791348916C00448A5F /* src */,
			);
			name = MSAInterpolator;
			path = ../../../addons/MSAInterpolator;
			sourceTree = SOURCE_ROOT;
		};
		5FCD80791348916C00448A5F /* src */ = {
			isa = PBXGroup;
			children = (
				5FCD807A1348916C00448A5F /* MSAInterpolationTypes.h */,
				5FCD807B1348916C00448A5F /* MSAInterpolator.h */,
				5FCD807C1348916C00448A5F /* MSAInterpolator1D.h */,
				5FCD807D1348916C00448A5F /* MSAInterpolator2D.h */,
				5FCD807E1348916C00448A5F /* MSAInterpolator3D.h */,
				5FCD807F1348916C00448A5F /* MSAInterpolatorT.h */,
			);
			path = src;
			sourceTree = "<group>";
		};
		5FCD80801348916C00448A5F /* MSAPingPong */ = {
			isa = PBXGroup;
			children = (
				5FCD80811348916C00448A5F /* src */,
			);
			name = MSAPingPong;
			path = ../../../addons/MSAPingPong;
			sourceTree = SOURCE_ROOT;
		};
		5FCD80811348916C00448A5F /* src */ = {
			isa = PBXGroup;
			children = (
				5FCD80821348916C00448A5F /* MSAPingPong.h */,
			);
			path = src;
			sourceTree = "<group>";
		};
		5FCD808B1348924100448A5F /* Effect */ = {
			isa = PBXGroup;
			children = (
				D2094F8C133F9E99001F5CB0 /* effectOne.h */,
				D2094F8D133F9E99001F5CB0 /* effectOne.cpp */,
				5F3AD619134007B300A78690 /* effectTwo.h */,
				5F3AD6151340079E00A78690 /* effectTwo.cpp */,
				5F3AD626134009CF00A78690 /* effectThree.cpp */,
				5F3AD627134009CF00A78690 /* effectThree.h */,
				5FDD50B21340DDDB0097E66A /* effectFour.cpp */,
				5FDD50B31340DDDB0097E66A /* effectFour.h */,
				5FCD80871348922300448A5F /* effectSix.cpp */,
				5FCD80881348922300448A5F /* effectSix.h */,
			);
			name = Effect;
			sourceTree = "<group>";
		};
		5FDD50861340DD800097E66A /* ofxTween */ = {
			isa = PBXGroup;
			children = (
				5FDD50871340DD800097E66A /* LICENSE */,
				5FDD50881340DD800097E66A /* src */,
			);
			name = ofxTween;
			path = ../../../addons/ofxTween;
			sourceTree = SOURCE_ROOT;
		};
		5FDD50881340DD800097E66A /* src */ = {
			isa = PBXGroup;
			children = (
				5FDD50891340DD800097E66A /* Easings */,
				5FDD50A31340DD800097E66A /* ofxTween.cpp */,
				5FDD50A41340DD800097E66A /* ofxTween.h */,
			);
			path = src;
			sourceTree = "<group>";
		};
		5FDD50891340DD800097E66A /* Easings */ = {
			isa = PBXGroup;
			children = (
				5FDD508A1340DD800097E66A /* easing_terms_of_use.html */,
				5FDD508B1340DD800097E66A /* ofxEasing.cpp */,
				5FDD508C1340DD800097E66A /* ofxEasing.h */,
				5FDD508D1340DD800097E66A /* ofxEasingBack.cpp */,
				5FDD508E1340DD800097E66A /* ofxEasingBack.h */,
				5FDD508F1340DD800097E66A /* ofxEasingBounce.cpp */,
				5FDD50901340DD800097E66A /* ofxEasingBounce.h */,
				5FDD50911340DD800097E66A /* ofxEasingCirc.cpp */,
				5FDD50921340DD800097E66A /* ofxEasingCirc.h */,
				5FDD50931340DD800097E66A /* ofxEasingCubic.cpp */,
				5FDD50941340DD800097E66A /* ofxEasingCubic.h */,
				5FDD50951340DD800097E66A /* ofxEasingElastic.cpp */,
				5FDD50961340DD800097E66A /* ofxEasingElastic.h */,
				5FDD50971340DD800097E66A /* ofxEasingExpo.cpp */,
				5FDD50981340DD800097E66A /* ofxEasingExpo.h */,
				5FDD50991340DD800097E66A /* ofxEasingLinear.cpp */,
				5FDD509A1340DD800097E66A /* ofxEasingLinear.h */,
				5FDD509B1340DD800097E66A /* ofxEasingQuad.cpp */,
				5FDD509C1340DD800097E66A /* ofxEasingQuad.h */,
				5FDD509D1340DD800097E66A /* ofxEasingQuart.cpp */,
				5FDD509E1340DD800097E66A /* ofxEasingQuart.h */,
				5FDD509F1340DD800097E66A /* ofxEasingQuint.cpp */,
				5FDD50A01340DD800097E66A /* ofxEasingQuint.h */,
				5FDD50A11340DD800097E66A /* ofxEasingSine.cpp */,
				5FDD50A21340DD800097E66A /* ofxEasingSine.h */,
			);
			path = Easings;
			sourceTree = "<group>";
		};
		5FE5A91B134DE8D300F35C11 /* ofTextureAdv */ = {
			isa = PBXGroup;
			children = (
				5FE5A91C134DE8D300F35C11 /* ofTextureAdv.cpp */,
				5FE5A91D134DE8D300F35C11 /* ofTextureAdv.h */,
			);
			name = ofTextureAdv;
			path = src/ofTextureAdv;
			sourceTree = "<group>";
		};
		5FE79E5313428AF600D0A011 /* effect5Branch */ = {
			isa = PBXGroup;
			children = (
				5F41985F13426ECB00C32D66 /* effectFive.cpp */,
				5F41986013426ECB00C32D66 /* effectFive.h */,
				5F41989B13427A1500C32D66 /* branch.h */,
				5F41989C13427A1500C32D66 /* branch.cpp */,
				5FE79E4F13428AEB00D0A011 /* cercle.h */,
				5FE79E5013428AEB00D0A011 /* cercle.cpp */,
			);
			name = effect5Branch;
			sourceTree = "<group>";
		};
		5FE79F5C13431C6800D0A011 /* ofxVectorMath */ = {
			isa = PBXGroup;
			children = (
				5FE79F5D13431C6800D0A011 /* src */,
			);
			name = ofxVectorMath;
			path = ../../../addons/ofxVectorMath;
			sourceTree = SOURCE_ROOT;
		};
		5FE79F5D13431C6800D0A011 /* src */ = {
			isa = PBXGroup;
			children = (
				5FE79F5E13431C6800D0A011 /* ofxMatrix3x3.h */,
				5FE79F5F13431C6800D0A011 /* ofxMatrix4x4.h */,
				5FE79F6013431C6800D0A011 /* ofxPoint2f.h */,
				5FE79F6113431C6800D0A011 /* ofxPoint3f.h */,
				5FE79F6213431C6800D0A011 /* ofxPoint4f.h */,
				5FE79F6313431C6800D0A011 /* ofxQuaternion.h */,
				5FE79F6413431C6800D0A011 /* ofxVec2f.h */,
				5FE79F6513431C6800D0A011 /* ofxVec3f.h */,
				5FE79F6613431C6800D0A011 /* ofxVec4f.h */,
				5FE79F6713431C6800D0A011 /* ofxVectorMath.h */,
			);
			path = src;
			sourceTree = "<group>";
		};
		BB4B014C10F69532006C3DED /* addons */ = {
			isa = PBXGroup;
			children = (
				5FE5A91B134DE8D300F35C11 /* ofTextureAdv */,
				5FCD805E1348916C00448A5F /* MSACore */,
				5FCD806E1348916C00448A5F /* MSAInterpolator */,
				5FCD80801348916C00448A5F /* MSAPingPong */,
				5FDD50861340DD800097E66A /* ofxTween */,
				5FE79F5C13431C6800D0A011 /* ofxVectorMath */,
			);
			name = addons;
			sourceTree = "<group>";
		};
		E45BE5980E8CC70C009D7055 /* frameworks */ = {
			isa = PBXGroup;
			children = (
				E4C2425F10CC5A78004149E2 /* GLUT.framework */,
				E4C2424410CC5A17004149E2 /* AppKit.framework */,
				E4C2424510CC5A17004149E2 /* Cocoa.framework */,
				E4C2424610CC5A17004149E2 /* IOKit.framework */,
				E45BE9710E8CC7DD009D7055 /* AGL.framework */,
				E45BE9720E8CC7DD009D7055 /* ApplicationServices.framework */,
				E45BE9730E8CC7DD009D7055 /* AudioToolbox.framework */,
				E45BE9740E8CC7DD009D7055 /* Carbon.framework */,
				E45BE9750E8CC7DD009D7055 /* CoreAudio.framework */,
				E45BE9760E8CC7DD009D7055 /* CoreFoundation.framework */,
				E45BE9770E8CC7DD009D7055 /* CoreServices.framework */,
				E45BE9790E8CC7DD009D7055 /* OpenGL.framework */,
				E45BE97A0E8CC7DD009D7055 /* QuickTime.framework */,
			);
			name = frameworks;
			sourceTree = "<group>";
		};
		E4B69B4A0A3A1720003C02F2 = {
			isa = PBXGroup;
			children = (
				E4B6FCAD0C3E899E008CF71C /* openFrameworks-Info.plist */,
				E4B69B5B0A3A1756003C02F2 /* emptyExampleDebug.app */,
				E4B69E1C0A3A1BDC003C02F2 /* src */,
				E4C2422310CC54B6004149E2 /* openFrameworks */,
				BB4B014C10F69532006C3DED /* addons */,
				E45BE5980E8CC70C009D7055 /* frameworks */,
			);
			sourceTree = "<group>";
		};
		E4B69E1C0A3A1BDC003C02F2 /* src */ = {
			isa = PBXGroup;
			children = (
				E4B69E1D0A3A1BDC003C02F2 /* main.cpp */,
				5FE5A90B134DE8AA00F35C11 /* testApp.cpp */,
				5FE5A90C134DE8AA00F35C11 /* testApp.h */,
				5FE5A90E134DE8B600F35C11 /* mdLine.h */,
				D2094F63133F9E04001F5CB0 /* mdLine.cpp */,
				D2094F62133F9E04001F5CB0 /* mdLine.h */,
				5FE5A90F134DE8B600F35C11 /* mdQuad.cpp */,
				5FEBD2B7135DA91300899022 /* mdQuad.h */,
				D2095084133FDC7F001F5CB0 /* perlin.cpp */,
				D2095085133FDC7F001F5CB0 /* perlin.h */,
				5FCD808B1348924100448A5F /* Effect */,
				5FE79E5313428AF600D0A011 /* effect5Branch */,
			);
			path = src;
			sourceTree = SOURCE_ROOT;
		};
		E4C2421710CC549C004149E2 /* Products */ = {
			isa = PBXGroup;
			children = (
				E4C2421E10CC549C004149E2 /* openFrameworksDebug.a */,
			);
			name = Products;
			sourceTree = "<group>";
		};
		E4C2422310CC54B6004149E2 /* openFrameworks */ = {
			isa = PBXGroup;
			children = (
				E4C2421610CC549C004149E2 /* openFrameworksLib.xcodeproj */,
			);
			name = openFrameworks;
			sourceTree = "<group>";
		};
/* End PBXGroup section */

/* Begin PBXNativeTarget section */
		E4B69B5A0A3A1756003C02F2 /* emptyExample */ = {
			isa = PBXNativeTarget;
			buildConfigurationList = E4B69B5F0A3A1757003C02F2 /* Build configuration list for PBXNativeTarget "emptyExample" */;
			buildPhases = (
				E4B69B580A3A1756003C02F2 /* Sources */,
				E4B69B590A3A1756003C02F2 /* Frameworks */,
				E4B6FFFD0C3F9AB9008CF71C /* ShellScript */,
				E4C2427710CC5ABF004149E2 /* CopyFiles */,
			);
			buildRules = (
			);
			dependencies = (
				E4C2422810CC54DA004149E2 /* PBXTargetDependency */,
			);
			name = emptyExample;
			productName = myOFApp;
			productReference = E4B69B5B0A3A1756003C02F2 /* emptyExampleDebug.app */;
			productType = "com.apple.product-type.application";
		};
/* End PBXNativeTarget section */

/* Begin PBXProject section */
		E4B69B4C0A3A1720003C02F2 /* Project object */ = {
			isa = PBXProject;
			buildConfigurationList = E4B69B4D0A3A1720003C02F2 /* Build configuration list for PBXProject "MappingDraw" */;
			compatibilityVersion = "Xcode 2.4";
			developmentRegion = English;
			hasScannedForEncodings = 0;
			knownRegions = (
				English,
				Japanese,
				French,
				German,
			);
			mainGroup = E4B69B4A0A3A1720003C02F2;
			productRefGroup = E4B69B4A0A3A1720003C02F2;
			projectDirPath = "";
			projectReferences = (
				{
					ProductGroup = E4C2421710CC549C004149E2 /* Products */;
					ProjectRef = E4C2421610CC549C004149E2 /* openFrameworksLib.xcodeproj */;
				},
			);
			projectRoot = "";
			targets = (
				E4B69B5A0A3A1756003C02F2 /* emptyExample */,
			);
		};
/* End PBXProject section */

/* Begin PBXReferenceProxy section */
		E4C2421E10CC549C004149E2 /* openFrameworksDebug.a */ = {
			isa = PBXReferenceProxy;
			fileType = archive.ar;
			path = openFrameworksDebug.a;
			remoteRef = E4C2421D10CC549C004149E2 /* PBXContainerItemProxy */;
			sourceTree = BUILT_PRODUCTS_DIR;
		};
/* End PBXReferenceProxy section */

/* Begin PBXShellScriptBuildPhase section */
		E4B6FFFD0C3F9AB9008CF71C /* ShellScript */ = {
			isa = PBXShellScriptBuildPhase;
			buildActionMask = 2147483647;
			files = (
			);
			inputPaths = (
			);
			outputPaths = (
			);
			runOnlyForDeploymentPostprocessing = 0;
			shellPath = /bin/sh;
			shellScript = "cp -f ../../../libs/fmodex/lib/osx/libfmodex.dylib \"$TARGET_BUILD_DIR/$PRODUCT_NAME.app/Contents/MacOS/libfmodex.dylib\"\ninstall_name_tool -change ./libfmodex.dylib @executable_path/libfmodex.dylib \"$TARGET_BUILD_DIR/$PRODUCT_NAME.app/Contents/MacOS/$PRODUCT_NAME\" ";
		};
/* End PBXShellScriptBuildPhase section */

/* Begin PBXSourcesBuildPhase section */
		E4B69B580A3A1756003C02F2 /* Sources */ = {
			isa = PBXSourcesBuildPhase;
			buildActionMask = 2147483647;
			files = (
				E4B69E200A3A1BDC003C02F2 /* main.cpp in Sources */,
				D2094F64133F9E04001F5CB0 /* mdLine.cpp in Sources */,
				D2094F8E133F9E99001F5CB0 /* effectOne.cpp in Sources */,
				D2095086133FDC7F001F5CB0 /* perlin.cpp in Sources */,
				5F3AD6171340079E00A78690 /* effectTwo.cpp in Sources */,
				5F3AD628134009CF00A78690 /* effectThree.cpp in Sources */,
				5FDD50A51340DD800097E66A /* ofxEasing.cpp in Sources */,
				5FDD50A61340DD800097E66A /* ofxEasingBack.cpp in Sources */,
				5FDD50A71340DD800097E66A /* ofxEasingBounce.cpp in Sources */,
				5FDD50A81340DD800097E66A /* ofxEasingCirc.cpp in Sources */,
				5FDD50A91340DD800097E66A /* ofxEasingCubic.cpp in Sources */,
				5FDD50AA1340DD800097E66A /* ofxEasingElastic.cpp in Sources */,
				5FDD50AB1340DD800097E66A /* ofxEasingExpo.cpp in Sources */,
				5FDD50AC1340DD800097E66A /* ofxEasingLinear.cpp in Sources */,
				5FDD50AD1340DD800097E66A /* ofxEasingQuad.cpp in Sources */,
				5FDD50AE1340DD800097E66A /* ofxEasingQuart.cpp in Sources */,
				5FDD50AF1340DD800097E66A /* ofxEasingQuint.cpp in Sources */,
				5FDD50B01340DD800097E66A /* ofxEasingSine.cpp in Sources */,
				5FDD50B11340DD800097E66A /* ofxTween.cpp in Sources */,
				5FDD50B41340DDDB0097E66A /* effectFour.cpp in Sources */,
				5F41986113426ECB00C32D66 /* effectFive.cpp in Sources */,
				5F41989D13427A1500C32D66 /* branch.cpp in Sources */,
				5FE79E5113428AEB00D0A011 /* cercle.cpp in Sources */,
				5FCD80831348916C00448A5F /* Color.cpp in Sources */,
				5FCD80841348916C00448A5F /* MSACoreGL.cpp in Sources */,
				5FCD80891348922300448A5F /* effectSix.cpp in Sources */,
				5FE5A90D134DE8AA00F35C11 /* testApp.cpp in Sources */,
				5FE5A910134DE8B600F35C11 /* mdQuad.cpp in Sources */,
				5FE5A91E134DE8D300F35C11 /* ofTextureAdv.cpp in Sources */,
			);
			runOnlyForDeploymentPostprocessing = 0;
		};
/* End PBXSourcesBuildPhase section */

/* Begin PBXTargetDependency section */
		E4C2422810CC54DA004149E2 /* PBXTargetDependency */ = {
			isa = PBXTargetDependency;
			name = openFrameworks;
			targetProxy = E4C2422710CC54DA004149E2 /* PBXContainerItemProxy */;
		};
/* End PBXTargetDependency section */

/* Begin XCBuildConfiguration section */
		E4B69B4E0A3A1720003C02F2 /* Debug */ = {
			isa = XCBuildConfiguration;
			buildSettings = {
				ARCHS = "$(NATIVE_ARCH)";
				CONFIGURATION_BUILD_DIR = "$(SRCROOT)/bin/";
				COPY_PHASE_STRIP = NO;
				DEAD_CODE_STRIPPING = YES;
				GCC_AUTO_VECTORIZATION = YES;
				GCC_ENABLE_SSE3_EXTENSIONS = YES;
				GCC_ENABLE_SUPPLEMENTAL_SSE3_INSTRUCTIONS = YES;
				GCC_INLINES_ARE_PRIVATE_EXTERN = NO;
				GCC_MODEL_TUNING = G5;
				GCC_SYMBOLS_PRIVATE_EXTERN = NO;
				GCC_WARN_ABOUT_DEPRECATED_FUNCTIONS = NO;
				GCC_WARN_ABOUT_INVALID_OFFSETOF_MACRO = NO;
				GCC_WARN_ALLOW_INCOMPLETE_PROTOCOL = NO;
				GCC_WARN_UNINITIALIZED_AUTOS = NO;
				GCC_WARN_UNUSED_VALUE = NO;
				GCC_WARN_UNUSED_VARIABLE = NO;
				HEADER_SEARCH_PATHS = (
					"../../../libs/openFrameworks/**",
					../../../libs/freetype/include/,
					../../../libs/freetype/include/freetype2,
					../../../libs/poco/include,
					../../../addons/,
					"../../../libs/glew/include/GL/**",
					"../../../libs/assimp/include/**",
					"../../../libs/fmodex/include/**",
					"../../../libs/freeimage/include/**",
				);
				OTHER_CPLUSPLUSFLAGS = (
					"-D__MACOSX_CORE__",
					"-lpthread",
				);
				OTHER_LDFLAGS = (
					"$(OTHER_LDFLAGS_QUOTED_FOR_PROJECT_1)",
					"$(OTHER_LDFLAGS_QUOTED_FOR_PROJECT_2)",
					"$(OTHER_LDFLAGS_QUOTED_FOR_PROJECT_3)",
					"$(OTHER_LDFLAGS_QUOTED_FOR_PROJECT_4)",
					"$(OTHER_LDFLAGS_QUOTED_FOR_PROJECT_5)",
					"$(OTHER_LDFLAGS_QUOTED_FOR_PROJECT_6)",
					"$(OTHER_LDFLAGS_QUOTED_FOR_PROJECT_7)",
					"$(OTHER_LDFLAGS_QUOTED_FOR_PROJECT_8)",
					"$(OTHER_LDFLAGS_QUOTED_FOR_PROJECT_9)",
					"$(OTHER_LDFLAGS_QUOTED_FOR_PROJECT_9)",
					"$(OTHER_LDFLAGS_QUOTED_FOR_PROJECT_10)",
				);
				OTHER_LDFLAGS_QUOTED_FOR_PROJECT_1 = "\"../../../libs/poco/lib/osx/PocoUtil.a\"";
				OTHER_LDFLAGS_QUOTED_FOR_PROJECT_10 = "\"../../../libs/assimp/lib/osx/assimp.a\"";
				OTHER_LDFLAGS_QUOTED_FOR_PROJECT_2 = "\"../../../libs/poco/lib/osx/PocoXML.a\"";
				OTHER_LDFLAGS_QUOTED_FOR_PROJECT_3 = "\"../../../libs/poco/lib/osx/PocoFoundation.a\"";
				OTHER_LDFLAGS_QUOTED_FOR_PROJECT_4 = "\"../../../libs/poco/lib/osx/PocoNet.a\"";
				OTHER_LDFLAGS_QUOTED_FOR_PROJECT_5 = "\"../../../libs/rtAudio/lib/osx/rtAudio.a\"";
				OTHER_LDFLAGS_QUOTED_FOR_PROJECT_6 = "\"../../../libs/freetype/lib/osx/freetype.a\"";
				OTHER_LDFLAGS_QUOTED_FOR_PROJECT_7 = "\"../../../libs/FreeImage/lib/osx/freeimage.a\"";
				OTHER_LDFLAGS_QUOTED_FOR_PROJECT_8 = "\"../../../libs/fmodex/lib/osx/libfmodex.dylib\"";
				OTHER_LDFLAGS_QUOTED_FOR_PROJECT_9 = "\"../../../libs/glew/lib/osx/glew.a\"";
			};
			name = Debug;
		};
		E4B69B4F0A3A1720003C02F2 /* Release */ = {
			isa = XCBuildConfiguration;
			buildSettings = {
				ARCHS = "$(NATIVE_ARCH)";
				CONFIGURATION_BUILD_DIR = "$(SRCROOT)/bin/";
				COPY_PHASE_STRIP = YES;
				DEAD_CODE_STRIPPING = YES;
				GCC_AUTO_VECTORIZATION = YES;
				GCC_ENABLE_SSE3_EXTENSIONS = YES;
				GCC_ENABLE_SUPPLEMENTAL_SSE3_INSTRUCTIONS = YES;
				GCC_INLINES_ARE_PRIVATE_EXTERN = NO;
				GCC_MODEL_TUNING = G5;
				GCC_OPTIMIZATION_LEVEL = 3;
				GCC_SYMBOLS_PRIVATE_EXTERN = NO;
				GCC_UNROLL_LOOPS = YES;
				GCC_WARN_ABOUT_DEPRECATED_FUNCTIONS = NO;
				GCC_WARN_ABOUT_INVALID_OFFSETOF_MACRO = NO;
				GCC_WARN_ALLOW_INCOMPLETE_PROTOCOL = NO;
				GCC_WARN_UNINITIALIZED_AUTOS = NO;
				GCC_WARN_UNUSED_VALUE = NO;
				GCC_WARN_UNUSED_VARIABLE = NO;
				HEADER_SEARCH_PATHS = (
					"../../../libs/openFrameworks/**",
					../../../libs/freetype/include/,
					../../../libs/freetype/include/freetype2,
					../../../libs/poco/include,
					../../../addons/,
					"../../../libs/glew/include/GL/**",
					"../../../libs/assimp/include/**",
					"../../../libs/fmodex/include/**",
					"../../../libs/freeimage/include/**",
				);
				OTHER_CPLUSPLUSFLAGS = (
					"-D__MACOSX_CORE__",
					"-lpthread",
				);
				OTHER_LDFLAGS = (
					"$(OTHER_LDFLAGS_QUOTED_FOR_PROJECT_1)",
					"$(OTHER_LDFLAGS_QUOTED_FOR_PROJECT_2)",
					"$(OTHER_LDFLAGS_QUOTED_FOR_PROJECT_3)",
					"$(OTHER_LDFLAGS_QUOTED_FOR_PROJECT_4)",
					"$(OTHER_LDFLAGS_QUOTED_FOR_PROJECT_5)",
					"$(OTHER_LDFLAGS_QUOTED_FOR_PROJECT_6)",
					"$(OTHER_LDFLAGS_QUOTED_FOR_PROJECT_7)",
					"$(OTHER_LDFLAGS_QUOTED_FOR_PROJECT_8)",
					"$(OTHER_LDFLAGS_QUOTED_FOR_PROJECT_9)",
					"$(OTHER_LDFLAGS_QUOTED_FOR_PROJECT_9)",
					"$(OTHER_LDFLAGS_QUOTED_FOR_PROJECT_10)",
				);
				OTHER_LDFLAGS_QUOTED_FOR_PROJECT_1 = "\"../../../libs/poco/lib/osx/PocoUtil.a\"";
				OTHER_LDFLAGS_QUOTED_FOR_PROJECT_10 = "\"../../../libs/assimp/lib/osx/assimp.a\"";
				OTHER_LDFLAGS_QUOTED_FOR_PROJECT_2 = "\"../../../libs/poco/lib/osx/PocoXML.a\"";
				OTHER_LDFLAGS_QUOTED_FOR_PROJECT_3 = "\"../../../libs/poco/lib/osx/PocoFoundation.a\"";
				OTHER_LDFLAGS_QUOTED_FOR_PROJECT_4 = "\"../../../libs/poco/lib/osx/PocoNet.a\"";
				OTHER_LDFLAGS_QUOTED_FOR_PROJECT_5 = "\"../../../libs/rtAudio/lib/osx/rtAudio.a\"";
				OTHER_LDFLAGS_QUOTED_FOR_PROJECT_6 = "\"../../../libs/freetype/lib/osx/freetype.a\"";
				OTHER_LDFLAGS_QUOTED_FOR_PROJECT_7 = "\"../../../libs/FreeImage/lib/osx/freeimage.a\"";
				OTHER_LDFLAGS_QUOTED_FOR_PROJECT_8 = "\"../../../libs/fmodex/lib/osx/libfmodex.dylib\"";
				OTHER_LDFLAGS_QUOTED_FOR_PROJECT_9 = "\"../../../libs/glew/lib/osx/glew.a\"";
			};
			name = Release;
		};
		E4B69B600A3A1757003C02F2 /* Debug */ = {
			isa = XCBuildConfiguration;
			buildSettings = {
				COPY_PHASE_STRIP = NO;
				FRAMEWORK_SEARCH_PATHS = (
					"$(inherited)",
					"$(FRAMEWORK_SEARCH_PATHS_QUOTED_FOR_TARGET_1)",
				);
				FRAMEWORK_SEARCH_PATHS_QUOTED_FOR_TARGET_1 = "\"$(SRCROOT)/../../../libs/glut/lib/osx\"";
				GCC_DYNAMIC_NO_PIC = NO;
				GCC_ENABLE_FIX_AND_CONTINUE = YES;
				GCC_GENERATE_DEBUGGING_SYMBOLS = YES;
				GCC_MODEL_TUNING = G4;
				GCC_OPTIMIZATION_LEVEL = 0;
				GCC_PRECOMPILE_PREFIX_HEADER = YES;
				GCC_PREFIX_HEADER = "$(SYSTEM_LIBRARY_DIR)/Frameworks/Carbon.framework/Headers/Carbon.h";
				INFOPLIST_FILE = "openFrameworks-Info.plist";
				INSTALL_PATH = "$(HOME)/Applications";
				LIBRARY_SEARCH_PATHS = (
					"$(inherited)",
					"$(LIBRARY_SEARCH_PATHS_QUOTED_FOR_TARGET_1)",
					"$(LIBRARY_SEARCH_PATHS_QUOTED_FOR_TARGET_2)",
					"$(LIBRARY_SEARCH_PATHS_QUOTED_FOR_TARGET_3)",
					"$(LIBRARY_SEARCH_PATHS_QUOTED_FOR_TARGET_4)",
					"$(LIBRARY_SEARCH_PATHS_QUOTED_FOR_TARGET_5)",
					"$(LIBRARY_SEARCH_PATHS_QUOTED_FOR_TARGET_6)",
					"$(LIBRARY_SEARCH_PATHS_QUOTED_FOR_TARGET_7)",
					"$(LIBRARY_SEARCH_PATHS_QUOTED_FOR_TARGET_8)",
					"$(LIBRARY_SEARCH_PATHS_QUOTED_FOR_TARGET_9)",
					"$(LIBRARY_SEARCH_PATHS_QUOTED_FOR_TARGET_10)",
					"$(LIBRARY_SEARCH_PATHS_QUOTED_FOR_TARGET_11)",
					"$(LIBRARY_SEARCH_PATHS_QUOTED_FOR_TARGET_12)",
					"$(LIBRARY_SEARCH_PATHS_QUOTED_FOR_TARGET_13)",
					"$(LIBRARY_SEARCH_PATHS_QUOTED_FOR_TARGET_14)",
					"$(LIBRARY_SEARCH_PATHS_QUOTED_FOR_TARGET_15)",
					"$(LIBRARY_SEARCH_PATHS_QUOTED_FOR_TARGET_2)",
					"$(LIBRARY_SEARCH_PATHS_QUOTED_FOR_TARGET_3)",
					"$(LIBRARY_SEARCH_PATHS_QUOTED_FOR_TARGET_7)",
				);
				LIBRARY_SEARCH_PATHS_QUOTED_FOR_TARGET_1 = "\"$(SRCROOT)/../../../libs/freeimage/lib/osx\"";
				LIBRARY_SEARCH_PATHS_QUOTED_FOR_TARGET_14 = "\"$(SRCROOT)/../../../libs/fmodex/lib/osx\"";
				LIBRARY_SEARCH_PATHS_QUOTED_FOR_TARGET_15 = "\"$(SRCROOT)/../../../libs/freetype/lib/osx\"";
				LIBRARY_SEARCH_PATHS_QUOTED_FOR_TARGET_2 = "\"$(SRCROOT)/../../../libs/FreeImage/lib/osx\"";
				LIBRARY_SEARCH_PATHS_QUOTED_FOR_TARGET_3 = "\"$(SRCROOT)/../../../libs/glew/libs/osx\"";
				LIBRARY_SEARCH_PATHS_QUOTED_FOR_TARGET_4 = "";
				LIBRARY_SEARCH_PATHS_QUOTED_FOR_TARGET_5 = "\"$(SRCROOT)/../../../libs/poco/lib/osx\"";
				LIBRARY_SEARCH_PATHS_QUOTED_FOR_TARGET_6 = "\"$(SRCROOT)/../../../libs/rtAudio/lib/osx\"";
				LIBRARY_SEARCH_PATHS_QUOTED_FOR_TARGET_7 = "\"$(SRCROOT)/../../../libs/glew/libs/osx\"";
				PREBINDING = NO;
				PRODUCT_NAME = "$(TARGET_NAME)Debug";
				WRAPPER_EXTENSION = app;
				ZERO_LINK = NO;
			};
			name = Debug;
		};
		E4B69B610A3A1757003C02F2 /* Release */ = {
			isa = XCBuildConfiguration;
			buildSettings = {
				COPY_PHASE_STRIP = YES;
				FRAMEWORK_SEARCH_PATHS = (
					"$(inherited)",
					"$(FRAMEWORK_SEARCH_PATHS_QUOTED_FOR_TARGET_1)",
				);
				FRAMEWORK_SEARCH_PATHS_QUOTED_FOR_TARGET_1 = "\"$(SRCROOT)/../../../libs/glut/lib/osx\"";
				GCC_ENABLE_FIX_AND_CONTINUE = NO;
				GCC_GENERATE_DEBUGGING_SYMBOLS = NO;
				GCC_MODEL_TUNING = G4;
				GCC_PRECOMPILE_PREFIX_HEADER = YES;
				GCC_PREFIX_HEADER = "$(SYSTEM_LIBRARY_DIR)/Frameworks/Carbon.framework/Headers/Carbon.h";
				INFOPLIST_FILE = "openFrameworks-Info.plist";
				INSTALL_PATH = "$(HOME)/Applications";
				LIBRARY_SEARCH_PATHS = (
					"$(inherited)",
					"$(LIBRARY_SEARCH_PATHS_QUOTED_FOR_TARGET_1)",
					"$(LIBRARY_SEARCH_PATHS_QUOTED_FOR_TARGET_2)",
					"$(LIBRARY_SEARCH_PATHS_QUOTED_FOR_TARGET_3)",
					"$(LIBRARY_SEARCH_PATHS_QUOTED_FOR_TARGET_4)",
					"$(LIBRARY_SEARCH_PATHS_QUOTED_FOR_TARGET_5)",
					"$(LIBRARY_SEARCH_PATHS_QUOTED_FOR_TARGET_6)",
					"$(LIBRARY_SEARCH_PATHS_QUOTED_FOR_TARGET_7)",
					"$(LIBRARY_SEARCH_PATHS_QUOTED_FOR_TARGET_8)",
					"$(LIBRARY_SEARCH_PATHS_QUOTED_FOR_TARGET_9)",
					"$(LIBRARY_SEARCH_PATHS_QUOTED_FOR_TARGET_10)",
					"$(LIBRARY_SEARCH_PATHS_QUOTED_FOR_TARGET_11)",
					"$(LIBRARY_SEARCH_PATHS_QUOTED_FOR_TARGET_12)",
					"$(LIBRARY_SEARCH_PATHS_QUOTED_FOR_TARGET_13)",
					"$(LIBRARY_SEARCH_PATHS_QUOTED_FOR_TARGET_14)",
					"$(LIBRARY_SEARCH_PATHS_QUOTED_FOR_TARGET_15)",
					"$(LIBRARY_SEARCH_PATHS_QUOTED_FOR_TARGET_2)",
					"$(LIBRARY_SEARCH_PATHS_QUOTED_1)",
					"$(LIBRARY_SEARCH_PATHS_QUOTED_FOR_TARGET_3)",
				);
				LIBRARY_SEARCH_PATHS_QUOTED_1 = "\"$(SRCROOT)/../../../libs/glew/libs/osx\"";
				LIBRARY_SEARCH_PATHS_QUOTED_FOR_TARGET_1 = "\"$(SRCROOT)/../../../libs/freeimage/lib/osx\"";
				LIBRARY_SEARCH_PATHS_QUOTED_FOR_TARGET_14 = "\"$(SRCROOT)/../../../libs/fmodex/lib/osx\"";
				LIBRARY_SEARCH_PATHS_QUOTED_FOR_TARGET_15 = "\"$(SRCROOT)/../../../libs/freetype/lib/osx\"";
				LIBRARY_SEARCH_PATHS_QUOTED_FOR_TARGET_2 = "\"$(SRCROOT)/../../../libs/FreeImage/lib/osx\"";
				LIBRARY_SEARCH_PATHS_QUOTED_FOR_TARGET_3 = "\"$(SRCROOT)/../../../libs/glew/libs/osx\"";
				LIBRARY_SEARCH_PATHS_QUOTED_FOR_TARGET_4 = "";
				LIBRARY_SEARCH_PATHS_QUOTED_FOR_TARGET_5 = "\"$(SRCROOT)/../../../libs/poco/lib/osx\"";
				LIBRARY_SEARCH_PATHS_QUOTED_FOR_TARGET_6 = "\"$(SRCROOT)/../../../libs/rtAudio/lib/osx\"";
				PREBINDING = NO;
				PRODUCT_NAME = "$(TARGET_NAME)";
				WRAPPER_EXTENSION = app;
				ZERO_LINK = NO;
			};
			name = Release;
		};
/* End XCBuildConfiguration section */

/* Begin XCConfigurationList section */
		E4B69B4D0A3A1720003C02F2 /* Build configuration list for PBXProject "MappingDraw" */ = {
			isa = XCConfigurationList;
			buildConfigurations = (
				E4B69B4E0A3A1720003C02F2 /* Debug */,
				E4B69B4F0A3A1720003C02F2 /* Release */,
			);
			defaultConfigurationIsVisible = 0;
			defaultConfigurationName = Release;
		};
		E4B69B5F0A3A1757003C02F2 /* Build configuration list for PBXNativeTarget "emptyExample" */ = {
			isa = XCConfigurationList;
			buildConfigurations = (
				E4B69B600A3A1757003C02F2 /* Debug */,
				E4B69B610A3A1757003C02F2 /* Release */,
			);
			defaultConfigurationIsVisible = 0;
			defaultConfigurationName = Release;
		};
/* End XCConfigurationList section */
	};
	rootObject = E4B69B4C0A3A1720003C02F2 /* Project object */;
}
